
Microsoft Visual Studio Solution File, Format Version 12.00
# Visual Studio Version 17
VisualStudioVersion = 17.8.34601.278
MinimumVisualStudioVersion = 10.0.40219.1
Project("{FAE04EC0-301F-11D3-BF4B-00C04F79EFBC}") = "Praktica_EF", "Praktica_EF\Praktica_EF.csproj", "{0D726ECE-0B89-472D-B7D4-95C331A95EFD}"
EndProject
Global
	GlobalSection(SolutionConfigurationPlatforms) = preSolution
		Debug|Any CPU = Debug|Any CPU
		Release|Any CPU = Release|Any CPU
	EndGlobalSection
	GlobalSection(ProjectConfigurationPlatforms) = postSolution
		{0D726ECE-0B89-472D-B7D4-95C331A95EFD}.Debug|Any CPU.ActiveCfg = Debug|Any CPU
		{0D726ECE-0B89-472D-B7D4-95C331A95EFD}.Debug|Any CPU.Build.0 = Debug|Any CPU
		{0D726ECE-0B89-472D-B7D4-95C331A95EFD}.Release|Any CPU.ActiveCfg = Release|Any CPU
		{0D726ECE-0B89-472D-B7D4-95C331A95EFD}.Release|Any CPU.Build.0 = Release|Any CPU
	EndGlobalSection
	GlobalSection(SolutionProperties) = preSolution
		HideSolutionNode = FALSE
	EndGlobalSection
	GlobalSection(ExtensibilityGlobals) = postSolution
		SolutionGuid = {0E3144F4-1021-4302-8687-7C7401B38ECE}
	EndGlobalSection
EndGlobal
